
Microsoft Visual Studio Solution File, Format Version 12.00
# Visual Studio Version 17
VisualStudioVersion = 17.10.35122.118
MinimumVisualStudioVersion = 10.0.40219.1
Project("{9A19103F-16F7-4668-BE54-9A1E7A4F7556}") = "ChildDailyTaskApp", "ChildDailyTaskApp.csproj", "{94E1791F-0B38-486D-9F5A-98EA9787A03A}"
EndProject
Global
	GlobalSection(SolutionConfigurationPlatforms) = preSolution
		Debug|Any CPU = Debug|Any CPU
		Release|Any CPU = Release|Any CPU
	EndGlobalSection
	GlobalSection(ProjectConfigurationPlatforms) = postSolution
		{94E1791F-0B38-486D-9F5A-98EA9787A03A}.Debug|Any CPU.ActiveCfg = Debug|Any CPU
		{94E1791F-0B38-486D-9F5A-98EA9787A03A}.Debug|Any CPU.Build.0 = Debug|Any CPU
		{94E1791F-0B38-486D-9F5A-98EA9787A03A}.Release|Any CPU.ActiveCfg = Release|Any CPU
		{94E1791F-0B38-486D-9F5A-98EA9787A03A}.Release|Any CPU.Build.0 = Release|Any CPU
	EndGlobalSection
	GlobalSection(SolutionProperties) = preSolution
		HideSolutionNode = FALSE
	EndGlobalSection
	GlobalSection(ExtensibilityGlobals) = postSolution
		SolutionGuid = {83783D85-4FF8-46C0-8835-1F3D47C1CE38}
	EndGlobalSection
EndGlobal
